
Microsoft Visual Studio Solution File, Format Version 12.00
# Visual Studio 2012
Project("{FAE04EC0-301F-11D3-BF4B-00C04F79EFBC}") = "EventDrivenDomain", "EventDrivenDomain\EventDrivenDomain.csproj", "{934E1EAC-AEEA-478E-BD6D-F7101C5994C8}"
EndProject
Project("{FAE04EC0-301F-11D3-BF4B-00C04F79EFBC}") = "EventDrivenDomain.Tests", "EventDrivenDomain.Tests\EventDrivenDomain.Tests.csproj", "{7E021F54-32A3-4E9B-8E41-0E733F8F302F}"
EndProject
Global
	GlobalSection(SolutionConfigurationPlatforms) = preSolution
		Debug|Any CPU = Debug|Any CPU
		Release|Any CPU = Release|Any CPU
	EndGlobalSection
	GlobalSection(ProjectConfigurationPlatforms) = postSolution
		{934E1EAC-AEEA-478E-BD6D-F7101C5994C8}.Debug|Any CPU.ActiveCfg = Debug|Any CPU
		{934E1EAC-AEEA-478E-BD6D-F7101C5994C8}.Debug|Any CPU.Build.0 = Debug|Any CPU
		{934E1EAC-AEEA-478E-BD6D-F7101C5994C8}.Release|Any CPU.ActiveCfg = Release|Any CPU
		{934E1EAC-AEEA-478E-BD6D-F7101C5994C8}.Release|Any CPU.Build.0 = Release|Any CPU
		{7E021F54-32A3-4E9B-8E41-0E733F8F302F}.Debug|Any CPU.ActiveCfg = Debug|Any CPU
		{7E021F54-32A3-4E9B-8E41-0E733F8F302F}.Debug|Any CPU.Build.0 = Debug|Any CPU
		{7E021F54-32A3-4E9B-8E41-0E733F8F302F}.Release|Any CPU.ActiveCfg = Release|Any CPU
		{7E021F54-32A3-4E9B-8E41-0E733F8F302F}.Release|Any CPU.Build.0 = Release|Any CPU
	EndGlobalSection
	GlobalSection(SolutionProperties) = preSolution
		HideSolutionNode = FALSE
	EndGlobalSection
EndGlobal
